// !$*UTF8*$!
{
	archiveVersion = 1;
	classes = {
	};
	objectVersion = 56;
	objects = {

/* Begin PBXBuildFile section */
		006A51092C6F762400EB53C8 /* popular.json in Resources */ = {isa = PBXBuildFile; fileRef = 006A51082C6F762400EB53C8 /* popular.json */; };
		006A510C2C6F7A6D00EB53C8 /* SearchMovieCell.swift in Sources */ = {isa = PBXBuildFile; fileRef = 006A510B2C6F7A6D00EB53C8 /* SearchMovieCell.swift */; };
		006A510E2C6F7B1F00EB53C8 /* VoteAverageView.swift in Sources */ = {isa = PBXBuildFile; fileRef = 006A510D2C6F7B1F00EB53C8 /* VoteAverageView.swift */; };
		006A51102C6F7E2300EB53C8 /* ReleaseYearView.swift in Sources */ = {isa = PBXBuildFile; fileRef = 006A510F2C6F7E2300EB53C8 /* ReleaseYearView.swift */; };
		006A51122C6F83C900EB53C8 /* SearchViewModel.swift in Sources */ = {isa = PBXBuildFile; fileRef = 006A51112C6F83C900EB53C8 /* SearchViewModel.swift */; };
		006A51142C6FC5BC00EB53C8 /* SearchMoviesUseCase.swift in Sources */ = {isa = PBXBuildFile; fileRef = 006A51132C6FC5BC00EB53C8 /* SearchMoviesUseCase.swift */; };
		006A51172C6FC68B00EB53C8 /* Debouncer.swift in Sources */ = {isa = PBXBuildFile; fileRef = 006A51162C6FC68B00EB53C8 /* Debouncer.swift */; };
		006A511D2C6FDAC100EB53C8 /* Kingfisher in Frameworks */ = {isa = PBXBuildFile; productRef = 006A511C2C6FDAC100EB53C8 /* Kingfisher */; };
		006A51202C6FF5A100EB53C8 /* GoogleService-Info.plist in Resources */ = {isa = PBXBuildFile; fileRef = 006A511F2C6FF5A100EB53C8 /* GoogleService-Info.plist */; };
		006A51232C6FF60600EB53C8 /* FirebaseAppDistribution-Beta in Frameworks */ = {isa = PBXBuildFile; productRef = 006A51222C6FF60600EB53C8 /* FirebaseAppDistribution-Beta */; };
		006A51252C6FF63D00EB53C8 /* AppDelegate.swift in Sources */ = {isa = PBXBuildFile; fileRef = 006A51242C6FF63D00EB53C8 /* AppDelegate.swift */; };
		009649492C6E445500B78F05 /* LaunchScreen.storyboard in Resources */ = {isa = PBXBuildFile; fileRef = 009649472C6E445500B78F05 /* LaunchScreen.storyboard */; };
		0096494F2C6E46DD00B78F05 /* HomeViewModel.swift in Sources */ = {isa = PBXBuildFile; fileRef = 0096494E2C6E46DD00B78F05 /* HomeViewModel.swift */; };
		009649512C6E491E00B78F05 /* SearchBar.swift in Sources */ = {isa = PBXBuildFile; fileRef = 009649502C6E491D00B78F05 /* SearchBar.swift */; };
		009649552C6E502D00B78F05 /* MainView.swift in Sources */ = {isa = PBXBuildFile; fileRef = 009649542C6E502D00B78F05 /* MainView.swift */; };
		009649582C6E534600B78F05 /* MovieCellView.swift in Sources */ = {isa = PBXBuildFile; fileRef = 009649572C6E534600B78F05 /* MovieCellView.swift */; };
		0096495D2C6E616300B78F05 /* CategoriesView.swift in Sources */ = {isa = PBXBuildFile; fileRef = 0096495C2C6E616300B78F05 /* CategoriesView.swift */; };
		009649602C6E769D00B78F05 /* APIClient.swift in Sources */ = {isa = PBXBuildFile; fileRef = 0096495F2C6E769D00B78F05 /* APIClient.swift */; };
		009649632C6E76ED00B78F05 /* Endpoint.swift in Sources */ = {isa = PBXBuildFile; fileRef = 009649622C6E76ED00B78F05 /* Endpoint.swift */; };
		009649652C6E791600B78F05 /* MoviesEndpoint.swift in Sources */ = {isa = PBXBuildFile; fileRef = 009649642C6E791600B78F05 /* MoviesEndpoint.swift */; };
		0096496A2C6E7EBF00B78F05 /* Data+Data.swift in Sources */ = {isa = PBXBuildFile; fileRef = 009649692C6E7EBF00B78F05 /* Data+Data.swift */; };
		0096496E2C6E7F8D00B78F05 /* MoviesRepository.swift in Sources */ = {isa = PBXBuildFile; fileRef = 0096496D2C6E7F8D00B78F05 /* MoviesRepository.swift */; };
		009649712C6E7FC200B78F05 /* MoviesResponse.swift in Sources */ = {isa = PBXBuildFile; fileRef = 009649702C6E7FC200B78F05 /* MoviesResponse.swift */; };
		009649742C6E803100B78F05 /* MovieEntity.swift in Sources */ = {isa = PBXBuildFile; fileRef = 009649732C6E803100B78F05 /* MovieEntity.swift */; };
		009649762C6E80A700B78F05 /* MoviesRepositoryProtocol.swift in Sources */ = {isa = PBXBuildFile; fileRef = 009649752C6E80A700B78F05 /* MoviesRepositoryProtocol.swift */; };
		009649782C6E816C00B78F05 /* MovieCategory.swift in Sources */ = {isa = PBXBuildFile; fileRef = 009649772C6E816C00B78F05 /* MovieCategory.swift */; };
		0096497F2C6E86B700B78F05 /* now-playing.json in Resources */ = {isa = PBXBuildFile; fileRef = 0096497B2C6E86B700B78F05 /* now-playing.json */; };
		009649802C6E86B700B78F05 /* upcoming.json in Resources */ = {isa = PBXBuildFile; fileRef = 0096497C2C6E86B700B78F05 /* upcoming.json */; };
		009649812C6E86B700B78F05 /* top-rated.json in Resources */ = {isa = PBXBuildFile; fileRef = 0096497D2C6E86B700B78F05 /* top-rated.json */; };
		009649842C6E8B1C00B78F05 /* GetPopularMoviesUseCase.swift in Sources */ = {isa = PBXBuildFile; fileRef = 009649832C6E8B1C00B78F05 /* GetPopularMoviesUseCase.swift */; };
		009649862C6E8D6B00B78F05 /* GenreEntity.swift in Sources */ = {isa = PBXBuildFile; fileRef = 009649852C6E8D6B00B78F05 /* GenreEntity.swift */; };
		009649882C6E8DCC00B78F05 /* genres.json in Resources */ = {isa = PBXBuildFile; fileRef = 009649872C6E8DCC00B78F05 /* genres.json */; };
		0096498B2C6E92BC00B78F05 /* DateFormatter+StringToDate.swift in Sources */ = {isa = PBXBuildFile; fileRef = 0096498A2C6E92BC00B78F05 /* DateFormatter+StringToDate.swift */; };
		0096498D2C6E97E800B78F05 /* DomainError.swift in Sources */ = {isa = PBXBuildFile; fileRef = 0096498C2C6E97E800B78F05 /* DomainError.swift */; };
		0096498F2C6E98D000B78F05 /* GetTopRatedMoviesUseCase.swift in Sources */ = {isa = PBXBuildFile; fileRef = 0096498E2C6E98D000B78F05 /* GetTopRatedMoviesUseCase.swift */; };
		009649912C6E98EE00B78F05 /* GetUpcomingMoviesUseCase.swift in Sources */ = {isa = PBXBuildFile; fileRef = 009649902C6E98EE00B78F05 /* GetUpcomingMoviesUseCase.swift */; };
		009649932C6E990600B78F05 /* GetNowPlayingMoviesUseCase.swift in Sources */ = {isa = PBXBuildFile; fileRef = 009649922C6E990600B78F05 /* GetNowPlayingMoviesUseCase.swift */; };
		009649962C6E9BF800B78F05 /* MainViewModel.swift in Sources */ = {isa = PBXBuildFile; fileRef = 009649952C6E9BF800B78F05 /* MainViewModel.swift */; };
		0096499A2C6EA00600B78F05 /* PosterSize.swift in Sources */ = {isa = PBXBuildFile; fileRef = 009649992C6EA00600B78F05 /* PosterSize.swift */; };
		009649A42C6EFF6200B78F05 /* SearchView.swift in Sources */ = {isa = PBXBuildFile; fileRef = 009649A32C6EFF6200B78F05 /* SearchView.swift */; };
		00D88DD52C6E3C6E00B3FAF0 /* MoviesAppApp.swift in Sources */ = {isa = PBXBuildFile; fileRef = 00D88DD42C6E3C6E00B3FAF0 /* MoviesAppApp.swift */; };
		00D88DD72C6E3C6E00B3FAF0 /* HomeView.swift in Sources */ = {isa = PBXBuildFile; fileRef = 00D88DD62C6E3C6E00B3FAF0 /* HomeView.swift */; };
		00D88DD92C6E3C7000B3FAF0 /* Assets.xcassets in Resources */ = {isa = PBXBuildFile; fileRef = 00D88DD82C6E3C7000B3FAF0 /* Assets.xcassets */; };
		00D88DDC2C6E3C7000B3FAF0 /* Preview Assets.xcassets in Resources */ = {isa = PBXBuildFile; fileRef = 00D88DDB2C6E3C7000B3FAF0 /* Preview Assets.xcassets */; };
		00D88DE62C6E3C7000B3FAF0 /* MoviesAppTests.swift in Sources */ = {isa = PBXBuildFile; fileRef = 00D88DE52C6E3C7000B3FAF0 /* MoviesAppTests.swift */; };
		00D88DF02C6E3C7000B3FAF0 /* MoviesAppUITests.swift in Sources */ = {isa = PBXBuildFile; fileRef = 00D88DEF2C6E3C7000B3FAF0 /* MoviesAppUITests.swift */; };
		00D88DF22C6E3C7000B3FAF0 /* MoviesAppUITestsLaunchTests.swift in Sources */ = {isa = PBXBuildFile; fileRef = 00D88DF12C6E3C7000B3FAF0 /* MoviesAppUITestsLaunchTests.swift */; };
		00D88E012C6E3D6900B3FAF0 /* Configuration.swift in Sources */ = {isa = PBXBuildFile; fileRef = 00D88E002C6E3D6900B3FAF0 /* Configuration.swift */; };
		00D88E0C2C6E420200B3FAF0 /* Colors.xcassets in Resources */ = {isa = PBXBuildFile; fileRef = 00D88E0B2C6E420200B3FAF0 /* Colors.xcassets */; };
/* End PBXBuildFile section */

/* Begin PBXContainerItemProxy section */
		00D88DE22C6E3C7000B3FAF0 /* PBXContainerItemProxy */ = {
			isa = PBXContainerItemProxy;
			containerPortal = 00D88DC92C6E3C6E00B3FAF0 /* Project object */;
			proxyType = 1;
			remoteGlobalIDString = 00D88DD02C6E3C6E00B3FAF0;
			remoteInfo = MoviesApp;
		};
		00D88DEC2C6E3C7000B3FAF0 /* PBXContainerItemProxy */ = {
			isa = PBXContainerItemProxy;
			containerPortal = 00D88DC92C6E3C6E00B3FAF0 /* Project object */;
			proxyType = 1;
			remoteGlobalIDString = 00D88DD02C6E3C6E00B3FAF0;
			remoteInfo = MoviesApp;
		};
/* End PBXContainerItemProxy section */

/* Begin PBXFileReference section */
		006A51072C6F759300EB53C8 /* Secrets.xcconfig */ = {isa = PBXFileReference; lastKnownFileType = text.xcconfig; path = Secrets.xcconfig; sourceTree = "<group>"; };
		006A51082C6F762400EB53C8 /* popular.json */ = {isa = PBXFileReference; fileEncoding = 4; lastKnownFileType = text.json; path = popular.json; sourceTree = "<group>"; };
		006A510B2C6F7A6D00EB53C8 /* SearchMovieCell.swift */ = {isa = PBXFileReference; lastKnownFileType = sourcecode.swift; path = SearchMovieCell.swift; sourceTree = "<group>"; };
		006A510D2C6F7B1F00EB53C8 /* VoteAverageView.swift */ = {isa = PBXFileReference; lastKnownFileType = sourcecode.swift; path = VoteAverageView.swift; sourceTree = "<group>"; };
		006A510F2C6F7E2300EB53C8 /* ReleaseYearView.swift */ = {isa = PBXFileReference; lastKnownFileType = sourcecode.swift; path = ReleaseYearView.swift; sourceTree = "<group>"; };
		006A51112C6F83C900EB53C8 /* SearchViewModel.swift */ = {isa = PBXFileReference; lastKnownFileType = sourcecode.swift; path = SearchViewModel.swift; sourceTree = "<group>"; };
		006A51132C6FC5BC00EB53C8 /* SearchMoviesUseCase.swift */ = {isa = PBXFileReference; lastKnownFileType = sourcecode.swift; path = SearchMoviesUseCase.swift; sourceTree = "<group>"; };
		006A51162C6FC68B00EB53C8 /* Debouncer.swift */ = {isa = PBXFileReference; lastKnownFileType = sourcecode.swift; path = Debouncer.swift; sourceTree = "<group>"; };
		006A511F2C6FF5A100EB53C8 /* GoogleService-Info.plist */ = {isa = PBXFileReference; fileEncoding = 4; lastKnownFileType = text.plist.xml; path = "GoogleService-Info.plist"; sourceTree = "<group>"; };
		006A51242C6FF63D00EB53C8 /* AppDelegate.swift */ = {isa = PBXFileReference; lastKnownFileType = sourcecode.swift; path = AppDelegate.swift; sourceTree = "<group>"; };
		009649472C6E445500B78F05 /* LaunchScreen.storyboard */ = {isa = PBXFileReference; fileEncoding = 4; lastKnownFileType = file.storyboard; path = LaunchScreen.storyboard; sourceTree = "<group>"; };
		0096494E2C6E46DD00B78F05 /* HomeViewModel.swift */ = {isa = PBXFileReference; lastKnownFileType = sourcecode.swift; path = HomeViewModel.swift; sourceTree = "<group>"; };
		009649502C6E491D00B78F05 /* SearchBar.swift */ = {isa = PBXFileReference; lastKnownFileType = sourcecode.swift; path = SearchBar.swift; sourceTree = "<group>"; };
		009649542C6E502D00B78F05 /* MainView.swift */ = {isa = PBXFileReference; lastKnownFileType = sourcecode.swift; path = MainView.swift; sourceTree = "<group>"; };
		009649572C6E534600B78F05 /* MovieCellView.swift */ = {isa = PBXFileReference; lastKnownFileType = sourcecode.swift; path = MovieCellView.swift; sourceTree = "<group>"; };
		0096495C2C6E616300B78F05 /* CategoriesView.swift */ = {isa = PBXFileReference; lastKnownFileType = sourcecode.swift; path = CategoriesView.swift; sourceTree = "<group>"; };
		0096495F2C6E769D00B78F05 /* APIClient.swift */ = {isa = PBXFileReference; lastKnownFileType = sourcecode.swift; path = APIClient.swift; sourceTree = "<group>"; };
		009649622C6E76ED00B78F05 /* Endpoint.swift */ = {isa = PBXFileReference; lastKnownFileType = sourcecode.swift; path = Endpoint.swift; sourceTree = "<group>"; };
		009649642C6E791600B78F05 /* MoviesEndpoint.swift */ = {isa = PBXFileReference; lastKnownFileType = sourcecode.swift; path = MoviesEndpoint.swift; sourceTree = "<group>"; };
		009649692C6E7EBF00B78F05 /* Data+Data.swift */ = {isa = PBXFileReference; lastKnownFileType = sourcecode.swift; path = "Data+Data.swift"; sourceTree = "<group>"; };
		0096496D2C6E7F8D00B78F05 /* MoviesRepository.swift */ = {isa = PBXFileReference; lastKnownFileType = sourcecode.swift; path = MoviesRepository.swift; sourceTree = "<group>"; };
		009649702C6E7FC200B78F05 /* MoviesResponse.swift */ = {isa = PBXFileReference; lastKnownFileType = sourcecode.swift; path = MoviesResponse.swift; sourceTree = "<group>"; };
		009649732C6E803100B78F05 /* MovieEntity.swift */ = {isa = PBXFileReference; lastKnownFileType = sourcecode.swift; path = MovieEntity.swift; sourceTree = "<group>"; };
		009649752C6E80A700B78F05 /* MoviesRepositoryProtocol.swift */ = {isa = PBXFileReference; lastKnownFileType = sourcecode.swift; path = MoviesRepositoryProtocol.swift; sourceTree = "<group>"; };
		009649772C6E816C00B78F05 /* MovieCategory.swift */ = {isa = PBXFileReference; lastKnownFileType = sourcecode.swift; path = MovieCategory.swift; sourceTree = "<group>"; };
		0096497B2C6E86B700B78F05 /* now-playing.json */ = {isa = PBXFileReference; fileEncoding = 4; lastKnownFileType = text.json; path = "now-playing.json"; sourceTree = "<group>"; };
		0096497C2C6E86B700B78F05 /* upcoming.json */ = {isa = PBXFileReference; fileEncoding = 4; lastKnownFileType = text.json; path = upcoming.json; sourceTree = "<group>"; };
		0096497D2C6E86B700B78F05 /* top-rated.json */ = {isa = PBXFileReference; fileEncoding = 4; lastKnownFileType = text.json; path = "top-rated.json"; sourceTree = "<group>"; };
		009649832C6E8B1C00B78F05 /* GetPopularMoviesUseCase.swift */ = {isa = PBXFileReference; lastKnownFileType = sourcecode.swift; path = GetPopularMoviesUseCase.swift; sourceTree = "<group>"; };
		009649852C6E8D6B00B78F05 /* GenreEntity.swift */ = {isa = PBXFileReference; lastKnownFileType = sourcecode.swift; path = GenreEntity.swift; sourceTree = "<group>"; };
		009649872C6E8DCC00B78F05 /* genres.json */ = {isa = PBXFileReference; fileEncoding = 4; lastKnownFileType = text.json; path = genres.json; sourceTree = "<group>"; };
		0096498A2C6E92BC00B78F05 /* DateFormatter+StringToDate.swift */ = {isa = PBXFileReference; lastKnownFileType = sourcecode.swift; path = "DateFormatter+StringToDate.swift"; sourceTree = "<group>"; };
		0096498C2C6E97E800B78F05 /* DomainError.swift */ = {isa = PBXFileReference; lastKnownFileType = sourcecode.swift; path = DomainError.swift; sourceTree = "<group>"; };
		0096498E2C6E98D000B78F05 /* GetTopRatedMoviesUseCase.swift */ = {isa = PBXFileReference; lastKnownFileType = sourcecode.swift; path = GetTopRatedMoviesUseCase.swift; sourceTree = "<group>"; };
		009649902C6E98EE00B78F05 /* GetUpcomingMoviesUseCase.swift */ = {isa = PBXFileReference; lastKnownFileType = sourcecode.swift; path = GetUpcomingMoviesUseCase.swift; sourceTree = "<group>"; };
		009649922C6E990600B78F05 /* GetNowPlayingMoviesUseCase.swift */ = {isa = PBXFileReference; lastKnownFileType = sourcecode.swift; path = GetNowPlayingMoviesUseCase.swift; sourceTree = "<group>"; };
		009649952C6E9BF800B78F05 /* MainViewModel.swift */ = {isa = PBXFileReference; lastKnownFileType = sourcecode.swift; path = MainViewModel.swift; sourceTree = "<group>"; };
		009649992C6EA00600B78F05 /* PosterSize.swift */ = {isa = PBXFileReference; lastKnownFileType = sourcecode.swift; path = PosterSize.swift; sourceTree = "<group>"; };
		009649A32C6EFF6200B78F05 /* SearchView.swift */ = {isa = PBXFileReference; lastKnownFileType = sourcecode.swift; path = SearchView.swift; sourceTree = "<group>"; };
		00D88DD12C6E3C6E00B3FAF0 /* MoviesApp.app */ = {isa = PBXFileReference; explicitFileType = wrapper.application; includeInIndex = 0; path = MoviesApp.app; sourceTree = BUILT_PRODUCTS_DIR; };
		00D88DD42C6E3C6E00B3FAF0 /* MoviesAppApp.swift */ = {isa = PBXFileReference; lastKnownFileType = sourcecode.swift; path = MoviesAppApp.swift; sourceTree = "<group>"; };
		00D88DD62C6E3C6E00B3FAF0 /* HomeView.swift */ = {isa = PBXFileReference; lastKnownFileType = sourcecode.swift; path = HomeView.swift; sourceTree = "<group>"; };
		00D88DD82C6E3C7000B3FAF0 /* Assets.xcassets */ = {isa = PBXFileReference; lastKnownFileType = folder.assetcatalog; path = Assets.xcassets; sourceTree = "<group>"; };
		00D88DDB2C6E3C7000B3FAF0 /* Preview Assets.xcassets */ = {isa = PBXFileReference; lastKnownFileType = folder.assetcatalog; path = "Preview Assets.xcassets"; sourceTree = "<group>"; };
		00D88DE12C6E3C7000B3FAF0 /* MoviesAppTests.xctest */ = {isa = PBXFileReference; explicitFileType = wrapper.cfbundle; includeInIndex = 0; path = MoviesAppTests.xctest; sourceTree = BUILT_PRODUCTS_DIR; };
		00D88DE52C6E3C7000B3FAF0 /* MoviesAppTests.swift */ = {isa = PBXFileReference; lastKnownFileType = sourcecode.swift; path = MoviesAppTests.swift; sourceTree = "<group>"; };
		00D88DEB2C6E3C7000B3FAF0 /* MoviesAppUITests.xctest */ = {isa = PBXFileReference; explicitFileType = wrapper.cfbundle; includeInIndex = 0; path = MoviesAppUITests.xctest; sourceTree = BUILT_PRODUCTS_DIR; };
		00D88DEF2C6E3C7000B3FAF0 /* MoviesAppUITests.swift */ = {isa = PBXFileReference; lastKnownFileType = sourcecode.swift; path = MoviesAppUITests.swift; sourceTree = "<group>"; };
		00D88DF12C6E3C7000B3FAF0 /* MoviesAppUITestsLaunchTests.swift */ = {isa = PBXFileReference; lastKnownFileType = sourcecode.swift; path = MoviesAppUITestsLaunchTests.swift; sourceTree = "<group>"; };
		00D88E002C6E3D6900B3FAF0 /* Configuration.swift */ = {isa = PBXFileReference; lastKnownFileType = sourcecode.swift; path = Configuration.swift; sourceTree = "<group>"; };
		00D88E0B2C6E420200B3FAF0 /* Colors.xcassets */ = {isa = PBXFileReference; lastKnownFileType = folder.assetcatalog; path = Colors.xcassets; sourceTree = "<group>"; };
/* End PBXFileReference section */

/* Begin PBXFrameworksBuildPhase section */
		00D88DCE2C6E3C6E00B3FAF0 /* Frameworks */ = {
			isa = PBXFrameworksBuildPhase;
			buildActionMask = 2147483647;
			files = (
				006A511D2C6FDAC100EB53C8 /* Kingfisher in Frameworks */,
				006A51232C6FF60600EB53C8 /* FirebaseAppDistribution-Beta in Frameworks */,
			);
			runOnlyForDeploymentPostprocessing = 0;
		};
		00D88DDE2C6E3C7000B3FAF0 /* Frameworks */ = {
			isa = PBXFrameworksBuildPhase;
			buildActionMask = 2147483647;
			files = (
			);
			runOnlyForDeploymentPostprocessing = 0;
		};
		00D88DE82C6E3C7000B3FAF0 /* Frameworks */ = {
			isa = PBXFrameworksBuildPhase;
			buildActionMask = 2147483647;
			files = (
			);
			runOnlyForDeploymentPostprocessing = 0;
		};
/* End PBXFrameworksBuildPhase section */

/* Begin PBXGroup section */
		006A510A2C6F7A5E00EB53C8 /* Cell */ = {
			isa = PBXGroup;
			children = (
				006A510B2C6F7A6D00EB53C8 /* SearchMovieCell.swift */,
			);
			path = Cell;
			sourceTree = "<group>";
		};
		006A51152C6FC68200EB53C8 /* Utilities */ = {
			isa = PBXGroup;
			children = (
				006A51162C6FC68B00EB53C8 /* Debouncer.swift */,
			);
			path = Utilities;
			sourceTree = "<group>";
		};
		009649482C6E445500B78F05 /* LaunchScreen */ = {
			isa = PBXGroup;
			children = (
				009649472C6E445500B78F05 /* LaunchScreen.storyboard */,
			);
			path = LaunchScreen;
			sourceTree = "<group>";
		};
		0096494A2C6E453B00B78F05 /* Home */ = {
			isa = PBXGroup;
			children = (
				0096495B2C6E613400B78F05 /* Components */,
				00D88DD62C6E3C6E00B3FAF0 /* HomeView.swift */,
				0096494E2C6E46DD00B78F05 /* HomeViewModel.swift */,
			);
			path = Home;
			sourceTree = "<group>";
		};
		0096494B2C6E454100B78F05 /* Search */ = {
			isa = PBXGroup;
			children = (
				006A510A2C6F7A5E00EB53C8 /* Cell */,
				009649502C6E491D00B78F05 /* SearchBar.swift */,
				009649A32C6EFF6200B78F05 /* SearchView.swift */,
				006A51112C6F83C900EB53C8 /* SearchViewModel.swift */,
			);
			path = Search;
			sourceTree = "<group>";
		};
		0096494C2C6E454900B78F05 /* Movie */ = {
			isa = PBXGroup;
			children = (
				009649562C6E533B00B78F05 /* Cell */,
			);
			path = Movie;
			sourceTree = "<group>";
		};
		0096494D2C6E454F00B78F05 /* WatchList */ = {
			isa = PBXGroup;
			children = (
			);
			path = WatchList;
			sourceTree = "<group>";
		};
		009649562C6E533B00B78F05 /* Cell */ = {
			isa = PBXGroup;
			children = (
				009649572C6E534600B78F05 /* MovieCellView.swift */,
				006A510D2C6F7B1F00EB53C8 /* VoteAverageView.swift */,
				006A510F2C6F7E2300EB53C8 /* ReleaseYearView.swift */,
			);
			path = Cell;
			sourceTree = "<group>";
		};
		0096495B2C6E613400B78F05 /* Components */ = {
			isa = PBXGroup;
			children = (
				0096495C2C6E616300B78F05 /* CategoriesView.swift */,
			);
			path = Components;
			sourceTree = "<group>";
		};
		0096495E2C6E768B00B78F05 /* Networking */ = {
			isa = PBXGroup;
			children = (
				009649682C6E7EB400B78F05 /* Extensions */,
				009649612C6E76E500B78F05 /* Endpoints */,
				0096495F2C6E769D00B78F05 /* APIClient.swift */,
			);
			path = Networking;
			sourceTree = "<group>";
		};
		009649612C6E76E500B78F05 /* Endpoints */ = {
			isa = PBXGroup;
			children = (
				009649622C6E76ED00B78F05 /* Endpoint.swift */,
				009649642C6E791600B78F05 /* MoviesEndpoint.swift */,
			);
			path = Endpoints;
			sourceTree = "<group>";
		};
		009649682C6E7EB400B78F05 /* Extensions */ = {
			isa = PBXGroup;
			children = (
				009649692C6E7EBF00B78F05 /* Data+Data.swift */,
			);
			path = Extensions;
			sourceTree = "<group>";
		};
		0096496B2C6E7F6B00B78F05 /* Repositories */ = {
			isa = PBXGroup;
			children = (
				0096496D2C6E7F8D00B78F05 /* MoviesRepository.swift */,
			);
			path = Repositories;
			sourceTree = "<group>";
		};
		0096496C2C6E7F7400B78F05 /* Repositories */ = {
			isa = PBXGroup;
			children = (
				009649752C6E80A700B78F05 /* MoviesRepositoryProtocol.swift */,
			);
			path = Repositories;
			sourceTree = "<group>";
		};
		0096496F2C6E7FB700B78F05 /* Response */ = {
			isa = PBXGroup;
			children = (
				009649702C6E7FC200B78F05 /* MoviesResponse.swift */,
			);
			path = Response;
			sourceTree = "<group>";
		};
		009649722C6E800400B78F05 /* Entities */ = {
			isa = PBXGroup;
			children = (
				009649732C6E803100B78F05 /* MovieEntity.swift */,
				009649772C6E816C00B78F05 /* MovieCategory.swift */,
				009649852C6E8D6B00B78F05 /* GenreEntity.swift */,
				0096498C2C6E97E800B78F05 /* DomainError.swift */,
				009649992C6EA00600B78F05 /* PosterSize.swift */,
			);
			path = Entities;
			sourceTree = "<group>";
		};
		009649792C6E85AE00B78F05 /* MockData */ = {
			isa = PBXGroup;
			children = (
				009649872C6E8DCC00B78F05 /* genres.json */,
				0096497B2C6E86B700B78F05 /* now-playing.json */,
				006A51082C6F762400EB53C8 /* popular.json */,
				0096497D2C6E86B700B78F05 /* top-rated.json */,
				0096497C2C6E86B700B78F05 /* upcoming.json */,
			);
			path = MockData;
			sourceTree = "<group>";
		};
		009649822C6E8B0A00B78F05 /* UseCases */ = {
			isa = PBXGroup;
			children = (
				009649832C6E8B1C00B78F05 /* GetPopularMoviesUseCase.swift */,
				0096498E2C6E98D000B78F05 /* GetTopRatedMoviesUseCase.swift */,
				009649902C6E98EE00B78F05 /* GetUpcomingMoviesUseCase.swift */,
				009649922C6E990600B78F05 /* GetNowPlayingMoviesUseCase.swift */,
				006A51132C6FC5BC00EB53C8 /* SearchMoviesUseCase.swift */,
			);
			path = UseCases;
			sourceTree = "<group>";
		};
		009649892C6E923C00B78F05 /* Extensions */ = {
			isa = PBXGroup;
			children = (
				0096498A2C6E92BC00B78F05 /* DateFormatter+StringToDate.swift */,
			);
			path = Extensions;
			sourceTree = "<group>";
		};
		009649942C6E9BEE00B78F05 /* MainView */ = {
			isa = PBXGroup;
			children = (
				009649542C6E502D00B78F05 /* MainView.swift */,
				009649952C6E9BF800B78F05 /* MainViewModel.swift */,
			);
			path = MainView;
			sourceTree = "<group>";
		};
		00D88DC82C6E3C6E00B3FAF0 = {
			isa = PBXGroup;
			children = (
				00D88DD32C6E3C6E00B3FAF0 /* MoviesApp */,
				00D88DE42C6E3C7000B3FAF0 /* MoviesAppTests */,
				00D88DEE2C6E3C7000B3FAF0 /* MoviesAppUITests */,
				00D88DD22C6E3C6E00B3FAF0 /* Products */,
			);
			sourceTree = "<group>";
		};
		00D88DD22C6E3C6E00B3FAF0 /* Products */ = {
			isa = PBXGroup;
			children = (
				00D88DD12C6E3C6E00B3FAF0 /* MoviesApp.app */,
				00D88DE12C6E3C7000B3FAF0 /* MoviesAppTests.xctest */,
				00D88DEB2C6E3C7000B3FAF0 /* MoviesAppUITests.xctest */,
			);
			name = Products;
			sourceTree = "<group>";
		};
		00D88DD32C6E3C6E00B3FAF0 /* MoviesApp */ = {
			isa = PBXGroup;
			children = (
				006A511F2C6FF5A100EB53C8 /* GoogleService-Info.plist */,
				006A51072C6F759300EB53C8 /* Secrets.xcconfig */,
				00D88DFF2C6E3D5700B3FAF0 /* App */,
				00D88E042C6E3E2700B3FAF0 /* Data */,
				00D88E032C6E3E2100B3FAF0 /* Domain */,
				00D88E022C6E3E0800B3FAF0 /* Presentation */,
				00D88E0A2C6E41ED00B3FAF0 /* Resources */,
				009649482C6E445500B78F05 /* LaunchScreen */,
				00D88DDA2C6E3C7000B3FAF0 /* Preview Content */,
			);
			path = MoviesApp;
			sourceTree = "<group>";
		};
		00D88DDA2C6E3C7000B3FAF0 /* Preview Content */ = {
			isa = PBXGroup;
			children = (
				00D88DDB2C6E3C7000B3FAF0 /* Preview Assets.xcassets */,
			);
			path = "Preview Content";
			sourceTree = "<group>";
		};
		00D88DE42C6E3C7000B3FAF0 /* MoviesAppTests */ = {
			isa = PBXGroup;
			children = (
				00D88DE52C6E3C7000B3FAF0 /* MoviesAppTests.swift */,
			);
			path = MoviesAppTests;
			sourceTree = "<group>";
		};
		00D88DEE2C6E3C7000B3FAF0 /* MoviesAppUITests */ = {
			isa = PBXGroup;
			children = (
				00D88DEF2C6E3C7000B3FAF0 /* MoviesAppUITests.swift */,
				00D88DF12C6E3C7000B3FAF0 /* MoviesAppUITestsLaunchTests.swift */,
			);
			path = MoviesAppUITests;
			sourceTree = "<group>";
		};
		00D88DFF2C6E3D5700B3FAF0 /* App */ = {
			isa = PBXGroup;
			children = (
				009649892C6E923C00B78F05 /* Extensions */,
				00D88E052C6E3E9500B3FAF0 /* Configuration */,
				00D88DD42C6E3C6E00B3FAF0 /* MoviesAppApp.swift */,
				006A51242C6FF63D00EB53C8 /* AppDelegate.swift */,
			);
			path = App;
			sourceTree = "<group>";
		};
		00D88E022C6E3E0800B3FAF0 /* Presentation */ = {
			isa = PBXGroup;
			children = (
				006A51152C6FC68200EB53C8 /* Utilities */,
				009649942C6E9BEE00B78F05 /* MainView */,
				0096494C2C6E454900B78F05 /* Movie */,
				0096494D2C6E454F00B78F05 /* WatchList */,
				0096494B2C6E454100B78F05 /* Search */,
				0096494A2C6E453B00B78F05 /* Home */,
			);
			path = Presentation;
			sourceTree = "<group>";
		};
		00D88E032C6E3E2100B3FAF0 /* Domain */ = {
			isa = PBXGroup;
			children = (
				009649722C6E800400B78F05 /* Entities */,
				009649822C6E8B0A00B78F05 /* UseCases */,
				0096496C2C6E7F7400B78F05 /* Repositories */,
			);
			path = Domain;
			sourceTree = "<group>";
		};
		00D88E042C6E3E2700B3FAF0 /* Data */ = {
			isa = PBXGroup;
			children = (
				009649792C6E85AE00B78F05 /* MockData */,
				0096496B2C6E7F6B00B78F05 /* Repositories */,
				0096495E2C6E768B00B78F05 /* Networking */,
				0096496F2C6E7FB700B78F05 /* Response */,
			);
			path = Data;
			sourceTree = "<group>";
		};
		00D88E052C6E3E9500B3FAF0 /* Configuration */ = {
			isa = PBXGroup;
			children = (
				00D88E002C6E3D6900B3FAF0 /* Configuration.swift */,
			);
			path = Configuration;
			sourceTree = "<group>";
		};
		00D88E0A2C6E41ED00B3FAF0 /* Resources */ = {
			isa = PBXGroup;
			children = (
				00D88DD82C6E3C7000B3FAF0 /* Assets.xcassets */,
				00D88E0B2C6E420200B3FAF0 /* Colors.xcassets */,
			);
			path = Resources;
			sourceTree = "<group>";
		};
/* End PBXGroup section */

/* Begin PBXNativeTarget section */
		00D88DD02C6E3C6E00B3FAF0 /* MoviesApp */ = {
			isa = PBXNativeTarget;
			buildConfigurationList = 00D88DF52C6E3C7000B3FAF0 /* Build configuration list for PBXNativeTarget "MoviesApp" */;
			buildPhases = (
				00D88DCD2C6E3C6E00B3FAF0 /* Sources */,
				00D88DCE2C6E3C6E00B3FAF0 /* Frameworks */,
				00D88DCF2C6E3C6E00B3FAF0 /* Resources */,
			);
			buildRules = (
			);
			dependencies = (
			);
			name = MoviesApp;
			packageProductDependencies = (
				006A511C2C6FDAC100EB53C8 /* Kingfisher */,
				006A51222C6FF60600EB53C8 /* FirebaseAppDistribution-Beta */,
			);
			productName = MoviesApp;
			productReference = 00D88DD12C6E3C6E00B3FAF0 /* MoviesApp.app */;
			productType = "com.apple.product-type.application";
		};
		00D88DE02C6E3C7000B3FAF0 /* MoviesAppTests */ = {
			isa = PBXNativeTarget;
			buildConfigurationList = 00D88DF82C6E3C7000B3FAF0 /* Build configuration list for PBXNativeTarget "MoviesAppTests" */;
			buildPhases = (
				00D88DDD2C6E3C7000B3FAF0 /* Sources */,
				00D88DDE2C6E3C7000B3FAF0 /* Frameworks */,
				00D88DDF2C6E3C7000B3FAF0 /* Resources */,
			);
			buildRules = (
			);
			dependencies = (
				00D88DE32C6E3C7000B3FAF0 /* PBXTargetDependency */,
			);
			name = MoviesAppTests;
			productName = MoviesAppTests;
			productReference = 00D88DE12C6E3C7000B3FAF0 /* MoviesAppTests.xctest */;
			productType = "com.apple.product-type.bundle.unit-test";
		};
		00D88DEA2C6E3C7000B3FAF0 /* MoviesAppUITests */ = {
			isa = PBXNativeTarget;
			buildConfigurationList = 00D88DFB2C6E3C7000B3FAF0 /* Build configuration list for PBXNativeTarget "MoviesAppUITests" */;
			buildPhases = (
				00D88DE72C6E3C7000B3FAF0 /* Sources */,
				00D88DE82C6E3C7000B3FAF0 /* Frameworks */,
				00D88DE92C6E3C7000B3FAF0 /* Resources */,
			);
			buildRules = (
			);
			dependencies = (
				00D88DED2C6E3C7000B3FAF0 /* PBXTargetDependency */,
			);
			name = MoviesAppUITests;
			productName = MoviesAppUITests;
			productReference = 00D88DEB2C6E3C7000B3FAF0 /* MoviesAppUITests.xctest */;
			productType = "com.apple.product-type.bundle.ui-testing";
		};
/* End PBXNativeTarget section */

/* Begin PBXProject section */
		00D88DC92C6E3C6E00B3FAF0 /* Project object */ = {
			isa = PBXProject;
			attributes = {
				BuildIndependentTargetsInParallel = 1;
				LastSwiftUpdateCheck = 1540;
				LastUpgradeCheck = 1540;
				TargetAttributes = {
					00D88DD02C6E3C6E00B3FAF0 = {
						CreatedOnToolsVersion = 15.4;
					};
					00D88DE02C6E3C7000B3FAF0 = {
						CreatedOnToolsVersion = 15.4;
						TestTargetID = 00D88DD02C6E3C6E00B3FAF0;
					};
					00D88DEA2C6E3C7000B3FAF0 = {
						CreatedOnToolsVersion = 15.4;
						TestTargetID = 00D88DD02C6E3C6E00B3FAF0;
					};
				};
			};
			buildConfigurationList = 00D88DCC2C6E3C6E00B3FAF0 /* Build configuration list for PBXProject "MoviesApp" */;
			compatibilityVersion = "Xcode 14.0";
			developmentRegion = en;
			hasScannedForEncodings = 0;
			knownRegions = (
				en,
				Base,
			);
			mainGroup = 00D88DC82C6E3C6E00B3FAF0;
			packageReferences = (
				006A511B2C6FDAC100EB53C8 /* XCRemoteSwiftPackageReference "Kingfisher" */,
				006A51212C6FF60600EB53C8 /* XCRemoteSwiftPackageReference "firebase-ios-sdk" */,
			);
			productRefGroup = 00D88DD22C6E3C6E00B3FAF0 /* Products */;
			projectDirPath = "";
			projectRoot = "";
			targets = (
				00D88DD02C6E3C6E00B3FAF0 /* MoviesApp */,
				00D88DE02C6E3C7000B3FAF0 /* MoviesAppTests */,
				00D88DEA2C6E3C7000B3FAF0 /* MoviesAppUITests */,
			);
		};
/* End PBXProject section */

/* Begin PBXResourcesBuildPhase section */
		00D88DCF2C6E3C6E00B3FAF0 /* Resources */ = {
			isa = PBXResourcesBuildPhase;
			buildActionMask = 2147483647;
			files = (
				009649882C6E8DCC00B78F05 /* genres.json in Resources */,
				00D88E0C2C6E420200B3FAF0 /* Colors.xcassets in Resources */,
				009649492C6E445500B78F05 /* LaunchScreen.storyboard in Resources */,
				00D88DDC2C6E3C7000B3FAF0 /* Preview Assets.xcassets in Resources */,
				006A51092C6F762400EB53C8 /* popular.json in Resources */,
				00D88DD92C6E3C7000B3FAF0 /* Assets.xcassets in Resources */,
				0096497F2C6E86B700B78F05 /* now-playing.json in Resources */,
				006A51202C6FF5A100EB53C8 /* GoogleService-Info.plist in Resources */,
				009649812C6E86B700B78F05 /* top-rated.json in Resources */,
				009649802C6E86B700B78F05 /* upcoming.json in Resources */,
			);
			runOnlyForDeploymentPostprocessing = 0;
		};
		00D88DDF2C6E3C7000B3FAF0 /* Resources */ = {
			isa = PBXResourcesBuildPhase;
			buildActionMask = 2147483647;
			files = (
			);
			runOnlyForDeploymentPostprocessing = 0;
		};
		00D88DE92C6E3C7000B3FAF0 /* Resources */ = {
			isa = PBXResourcesBuildPhase;
			buildActionMask = 2147483647;
			files = (
			);
			runOnlyForDeploymentPostprocessing = 0;
		};
/* End PBXResourcesBuildPhase section */

/* Begin PBXSourcesBuildPhase section */
		00D88DCD2C6E3C6E00B3FAF0 /* Sources */ = {
			isa = PBXSourcesBuildPhase;
			buildActionMask = 2147483647;
			files = (
				0096496E2C6E7F8D00B78F05 /* MoviesRepository.swift in Sources */,
				0096495D2C6E616300B78F05 /* CategoriesView.swift in Sources */,
				009649782C6E816C00B78F05 /* MovieCategory.swift in Sources */,
				009649912C6E98EE00B78F05 /* GetUpcomingMoviesUseCase.swift in Sources */,
				009649652C6E791600B78F05 /* MoviesEndpoint.swift in Sources */,
				009649962C6E9BF800B78F05 /* MainViewModel.swift in Sources */,
				006A51142C6FC5BC00EB53C8 /* SearchMoviesUseCase.swift in Sources */,
				009649712C6E7FC200B78F05 /* MoviesResponse.swift in Sources */,
				00D88E012C6E3D6900B3FAF0 /* Configuration.swift in Sources */,
				009649552C6E502D00B78F05 /* MainView.swift in Sources */,
				009649862C6E8D6B00B78F05 /* GenreEntity.swift in Sources */,
				0096499A2C6EA00600B78F05 /* PosterSize.swift in Sources */,
				0096498B2C6E92BC00B78F05 /* DateFormatter+StringToDate.swift in Sources */,
				009649742C6E803100B78F05 /* MovieEntity.swift in Sources */,
				00D88DD72C6E3C6E00B3FAF0 /* HomeView.swift in Sources */,
				0096496A2C6E7EBF00B78F05 /* Data+Data.swift in Sources */,
				0096498F2C6E98D000B78F05 /* GetTopRatedMoviesUseCase.swift in Sources */,
				009649932C6E990600B78F05 /* GetNowPlayingMoviesUseCase.swift in Sources */,
				006A510E2C6F7B1F00EB53C8 /* VoteAverageView.swift in Sources */,
				009649632C6E76ED00B78F05 /* Endpoint.swift in Sources */,
				006A51172C6FC68B00EB53C8 /* Debouncer.swift in Sources */,
				006A510C2C6F7A6D00EB53C8 /* SearchMovieCell.swift in Sources */,
				009649512C6E491E00B78F05 /* SearchBar.swift in Sources */,
				006A51102C6F7E2300EB53C8 /* ReleaseYearView.swift in Sources */,
				009649A42C6EFF6200B78F05 /* SearchView.swift in Sources */,
				009649582C6E534600B78F05 /* MovieCellView.swift in Sources */,
				006A51122C6F83C900EB53C8 /* SearchViewModel.swift in Sources */,
				00D88DD52C6E3C6E00B3FAF0 /* MoviesAppApp.swift in Sources */,
				0096494F2C6E46DD00B78F05 /* HomeViewModel.swift in Sources */,
				009649762C6E80A700B78F05 /* MoviesRepositoryProtocol.swift in Sources */,
				009649602C6E769D00B78F05 /* APIClient.swift in Sources */,
				0096498D2C6E97E800B78F05 /* DomainError.swift in Sources */,
				006A51252C6FF63D00EB53C8 /* AppDelegate.swift in Sources */,
				009649842C6E8B1C00B78F05 /* GetPopularMoviesUseCase.swift in Sources */,
			);
			runOnlyForDeploymentPostprocessing = 0;
		};
		00D88DDD2C6E3C7000B3FAF0 /* Sources */ = {
			isa = PBXSourcesBuildPhase;
			buildActionMask = 2147483647;
			files = (
				00D88DE62C6E3C7000B3FAF0 /* MoviesAppTests.swift in Sources */,
			);
			runOnlyForDeploymentPostprocessing = 0;
		};
		00D88DE72C6E3C7000B3FAF0 /* Sources */ = {
			isa = PBXSourcesBuildPhase;
			buildActionMask = 2147483647;
			files = (
				00D88DF02C6E3C7000B3FAF0 /* MoviesAppUITests.swift in Sources */,
				00D88DF22C6E3C7000B3FAF0 /* MoviesAppUITestsLaunchTests.swift in Sources */,
			);
			runOnlyForDeploymentPostprocessing = 0;
		};
/* End PBXSourcesBuildPhase section */

/* Begin PBXTargetDependency section */
		00D88DE32C6E3C7000B3FAF0 /* PBXTargetDependency */ = {
			isa = PBXTargetDependency;
			target = 00D88DD02C6E3C6E00B3FAF0 /* MoviesApp */;
			targetProxy = 00D88DE22C6E3C7000B3FAF0 /* PBXContainerItemProxy */;
		};
		00D88DED2C6E3C7000B3FAF0 /* PBXTargetDependency */ = {
			isa = PBXTargetDependency;
			target = 00D88DD02C6E3C6E00B3FAF0 /* MoviesApp */;
			targetProxy = 00D88DEC2C6E3C7000B3FAF0 /* PBXContainerItemProxy */;
		};
/* End PBXTargetDependency section */

/* Begin XCBuildConfiguration section */
		00D88DF32C6E3C7000B3FAF0 /* Debug */ = {
			isa = XCBuildConfiguration;
			buildSettings = {
				ALWAYS_SEARCH_USER_PATHS = NO;
				ASSETCATALOG_COMPILER_GENERATE_SWIFT_ASSET_SYMBOL_EXTENSIONS = YES;
				CLANG_ANALYZER_NONNULL = YES;
				CLANG_ANALYZER_NUMBER_OBJECT_CONVERSION = YES_AGGRESSIVE;
				CLANG_CXX_LANGUAGE_STANDARD = "gnu++20";
				CLANG_ENABLE_MODULES = YES;
				CLANG_ENABLE_OBJC_ARC = YES;
				CLANG_ENABLE_OBJC_WEAK = YES;
				CLANG_WARN_BLOCK_CAPTURE_AUTORELEASING = YES;
				CLANG_WARN_BOOL_CONVERSION = YES;
				CLANG_WARN_COMMA = YES;
				CLANG_WARN_CONSTANT_CONVERSION = YES;
				CLANG_WARN_DEPRECATED_OBJC_IMPLEMENTATIONS = YES;
				CLANG_WARN_DIRECT_OBJC_ISA_USAGE = YES_ERROR;
				CLANG_WARN_DOCUMENTATION_COMMENTS = YES;
				CLANG_WARN_EMPTY_BODY = YES;
				CLANG_WARN_ENUM_CONVERSION = YES;
				CLANG_WARN_INFINITE_RECURSION = YES;
				CLANG_WARN_INT_CONVERSION = YES;
				CLANG_WARN_NON_LITERAL_NULL_CONVERSION = YES;
				CLANG_WARN_OBJC_IMPLICIT_RETAIN_SELF = YES;
				CLANG_WARN_OBJC_LITERAL_CONVERSION = YES;
				CLANG_WARN_OBJC_ROOT_CLASS = YES_ERROR;
				CLANG_WARN_QUOTED_INCLUDE_IN_FRAMEWORK_HEADER = YES;
				CLANG_WARN_RANGE_LOOP_ANALYSIS = YES;
				CLANG_WARN_STRICT_PROTOTYPES = YES;
				CLANG_WARN_SUSPICIOUS_MOVE = YES;
				CLANG_WARN_UNGUARDED_AVAILABILITY = YES_AGGRESSIVE;
				CLANG_WARN_UNREACHABLE_CODE = YES;
				CLANG_WARN__DUPLICATE_METHOD_MATCH = YES;
				COPY_PHASE_STRIP = NO;
				DEBUG_INFORMATION_FORMAT = dwarf;
				ENABLE_STRICT_OBJC_MSGSEND = YES;
				ENABLE_TESTABILITY = YES;
				ENABLE_USER_SCRIPT_SANDBOXING = YES;
				GCC_C_LANGUAGE_STANDARD = gnu17;
				GCC_DYNAMIC_NO_PIC = NO;
				GCC_NO_COMMON_BLOCKS = YES;
				GCC_OPTIMIZATION_LEVEL = 0;
				GCC_PREPROCESSOR_DEFINITIONS = (
					"DEBUG=1",
					"$(inherited)",
				);
				GCC_WARN_64_TO_32_BIT_CONVERSION = YES;
				GCC_WARN_ABOUT_RETURN_TYPE = YES_ERROR;
				GCC_WARN_UNDECLARED_SELECTOR = YES;
				GCC_WARN_UNINITIALIZED_AUTOS = YES_AGGRESSIVE;
				GCC_WARN_UNUSED_FUNCTION = YES;
				GCC_WARN_UNUSED_VARIABLE = YES;
				IPHONEOS_DEPLOYMENT_TARGET = 17.0;
				LOCALIZATION_PREFERS_STRING_CATALOGS = YES;
				MTL_ENABLE_DEBUG_INFO = INCLUDE_SOURCE;
				MTL_FAST_MATH = YES;
				ONLY_ACTIVE_ARCH = YES;
				SDKROOT = iphoneos;
				SWIFT_ACTIVE_COMPILATION_CONDITIONS = "DEBUG $(inherited)";
				SWIFT_OPTIMIZATION_LEVEL = "-Onone";
			};
			name = Debug;
		};
		00D88DF42C6E3C7000B3FAF0 /* Release */ = {
			isa = XCBuildConfiguration;
			buildSettings = {
				ALWAYS_SEARCH_USER_PATHS = NO;
				ASSETCATALOG_COMPILER_GENERATE_SWIFT_ASSET_SYMBOL_EXTENSIONS = YES;
				CLANG_ANALYZER_NONNULL = YES;
				CLANG_ANALYZER_NUMBER_OBJECT_CONVERSION = YES_AGGRESSIVE;
				CLANG_CXX_LANGUAGE_STANDARD = "gnu++20";
				CLANG_ENABLE_MODULES = YES;
				CLANG_ENABLE_OBJC_ARC = YES;
				CLANG_ENABLE_OBJC_WEAK = YES;
				CLANG_WARN_BLOCK_CAPTURE_AUTORELEASING = YES;
				CLANG_WARN_BOOL_CONVERSION = YES;
				CLANG_WARN_COMMA = YES;
				CLANG_WARN_CONSTANT_CONVERSION = YES;
				CLANG_WARN_DEPRECATED_OBJC_IMPLEMENTATIONS = YES;
				CLANG_WARN_DIRECT_OBJC_ISA_USAGE = YES_ERROR;
				CLANG_WARN_DOCUMENTATION_COMMENTS = YES;
				CLANG_WARN_EMPTY_BODY = YES;
				CLANG_WARN_ENUM_CONVERSION = YES;
				CLANG_WARN_INFINITE_RECURSION = YES;
				CLANG_WARN_INT_CONVERSION = YES;
				CLANG_WARN_NON_LITERAL_NULL_CONVERSION = YES;
				CLANG_WARN_OBJC_IMPLICIT_RETAIN_SELF = YES;
				CLANG_WARN_OBJC_LITERAL_CONVERSION = YES;
				CLANG_WARN_OBJC_ROOT_CLASS = YES_ERROR;
				CLANG_WARN_QUOTED_INCLUDE_IN_FRAMEWORK_HEADER = YES;
				CLANG_WARN_RANGE_LOOP_ANALYSIS = YES;
				CLANG_WARN_STRICT_PROTOTYPES = YES;
				CLANG_WARN_SUSPICIOUS_MOVE = YES;
				CLANG_WARN_UNGUARDED_AVAILABILITY = YES_AGGRESSIVE;
				CLANG_WARN_UNREACHABLE_CODE = YES;
				CLANG_WARN__DUPLICATE_METHOD_MATCH = YES;
				COPY_PHASE_STRIP = NO;
				DEBUG_INFORMATION_FORMAT = "dwarf-with-dsym";
				ENABLE_NS_ASSERTIONS = NO;
				ENABLE_STRICT_OBJC_MSGSEND = YES;
				ENABLE_USER_SCRIPT_SANDBOXING = YES;
				GCC_C_LANGUAGE_STANDARD = gnu17;
				GCC_NO_COMMON_BLOCKS = YES;
				GCC_WARN_64_TO_32_BIT_CONVERSION = YES;
				GCC_WARN_ABOUT_RETURN_TYPE = YES_ERROR;
				GCC_WARN_UNDECLARED_SELECTOR = YES;
				GCC_WARN_UNINITIALIZED_AUTOS = YES_AGGRESSIVE;
				GCC_WARN_UNUSED_FUNCTION = YES;
				GCC_WARN_UNUSED_VARIABLE = YES;
				IPHONEOS_DEPLOYMENT_TARGET = 17.0;
				LOCALIZATION_PREFERS_STRING_CATALOGS = YES;
				MTL_ENABLE_DEBUG_INFO = NO;
				MTL_FAST_MATH = YES;
				SDKROOT = iphoneos;
				SWIFT_COMPILATION_MODE = wholemodule;
				VALIDATE_PRODUCT = YES;
			};
			name = Release;
		};
		00D88DF62C6E3C7000B3FAF0 /* Debug */ = {
			isa = XCBuildConfiguration;
			baseConfigurationReference = 006A51072C6F759300EB53C8 /* Secrets.xcconfig */;
			buildSettings = {
				ASSETCATALOG_COMPILER_APPICON_NAME = AppIcon;
				ASSETCATALOG_COMPILER_GLOBAL_ACCENT_COLOR_NAME = AccentColor;
				CODE_SIGN_STYLE = Automatic;
				CURRENT_PROJECT_VERSION = 5;
				DEVELOPMENT_ASSET_PATHS = "\"MoviesApp/Preview Content\"";
				DEVELOPMENT_TEAM = UK87X7N6A9;
				ENABLE_PREVIEWS = YES;
				GENERATE_INFOPLIST_FILE = YES;
				INFOPLIST_FILE = MoviesApp/Info.plist;
				INFOPLIST_KEY_LSApplicationCategoryType = "public.app-category.entertainment";
				INFOPLIST_KEY_UIApplicationSceneManifest_Generation = YES;
				INFOPLIST_KEY_UIApplicationSupportsIndirectInputEvents = YES;
				INFOPLIST_KEY_UILaunchScreen_Generation = YES;
				INFOPLIST_KEY_UILaunchStoryboardName = LaunchScreen.storyboard;
				INFOPLIST_KEY_UISupportedInterfaceOrientations = "UIInterfaceOrientationLandscapeLeft UIInterfaceOrientationLandscapeRight UIInterfaceOrientationPortrait UIInterfaceOrientationPortraitUpsideDown";
				IPHONEOS_DEPLOYMENT_TARGET = 17.0;
				LD_RUNPATH_SEARCH_PATHS = (
					"$(inherited)",
					"@executable_path/Frameworks",
				);
				MARKETING_VERSION = 1.0;
				PRODUCT_BUNDLE_IDENTIFIER = com.github.jheisecke.MoviesApp;
				PRODUCT_NAME = "$(TARGET_NAME)";
				SWIFT_EMIT_LOC_STRINGS = YES;
				SWIFT_VERSION = 5.0;
				TARGETED_DEVICE_FAMILY = "1,2";
			};
			name = Debug;
		};
		00D88DF72C6E3C7000B3FAF0 /* Release */ = {
			isa = XCBuildConfiguration;
			baseConfigurationReference = 006A51072C6F759300EB53C8 /* Secrets.xcconfig */;
			buildSettings = {
				ASSETCATALOG_COMPILER_APPICON_NAME = AppIcon;
				ASSETCATALOG_COMPILER_GLOBAL_ACCENT_COLOR_NAME = AccentColor;
				CODE_SIGN_IDENTITY = "Apple Development";
				CODE_SIGN_STYLE = Automatic;
				CURRENT_PROJECT_VERSION = 5;
				DEVELOPMENT_ASSET_PATHS = "\"MoviesApp/Preview Content\"";
				DEVELOPMENT_TEAM = UK87X7N6A9;
				ENABLE_PREVIEWS = YES;
				GENERATE_INFOPLIST_FILE = YES;
				INFOPLIST_FILE = MoviesApp/Info.plist;
				INFOPLIST_KEY_LSApplicationCategoryType = "public.app-category.entertainment";
				INFOPLIST_KEY_UIApplicationSceneManifest_Generation = YES;
				INFOPLIST_KEY_UIApplicationSupportsIndirectInputEvents = YES;
				INFOPLIST_KEY_UILaunchScreen_Generation = YES;
				INFOPLIST_KEY_UILaunchStoryboardName = LaunchScreen.storyboard;
				INFOPLIST_KEY_UISupportedInterfaceOrientations = "UIInterfaceOrientationLandscapeLeft UIInterfaceOrientationLandscapeRight UIInterfaceOrientationPortrait UIInterfaceOrientationPortraitUpsideDown";
				IPHONEOS_DEPLOYMENT_TARGET = 17.0;
				LD_RUNPATH_SEARCH_PATHS = (
					"$(inherited)",
					"@executable_path/Frameworks",
				);
				MARKETING_VERSION = 1.0;
				PRODUCT_BUNDLE_IDENTIFIER = com.github.jheisecke.MoviesApp;
				PRODUCT_NAME = "$(TARGET_NAME)";
				PROVISIONING_PROFILE_SPECIFIER = "";
				SWIFT_EMIT_LOC_STRINGS = YES;
				SWIFT_VERSION = 5.0;
				TARGETED_DEVICE_FAMILY = "1,2";
			};
			name = Release;
		};
		00D88DF92C6E3C7000B3FAF0 /* Debug */ = {
			isa = XCBuildConfiguration;
			buildSettings = {
				ALWAYS_EMBED_SWIFT_STANDARD_LIBRARIES = YES;
				BUNDLE_LOADER = "$(TEST_HOST)";
				CODE_SIGN_STYLE = Automatic;
				CURRENT_PROJECT_VERSION = 1;
				DEVELOPMENT_TEAM = UK87X7N6A9;
				GENERATE_INFOPLIST_FILE = YES;
				IPHONEOS_DEPLOYMENT_TARGET = 17.5;
				MARKETING_VERSION = 1.0;
				PRODUCT_BUNDLE_IDENTIFIER = com.github.jheisecke.MoviesAppTests;
				PRODUCT_NAME = "$(TARGET_NAME)";
				SWIFT_EMIT_LOC_STRINGS = NO;
				SWIFT_VERSION = 5.0;
				TARGETED_DEVICE_FAMILY = "1,2";
				TEST_HOST = "$(BUILT_PRODUCTS_DIR)/MoviesApp.app/$(BUNDLE_EXECUTABLE_FOLDER_PATH)/MoviesApp";
			};
			name = Debug;
		};
		00D88DFA2C6E3C7000B3FAF0 /* Release */ = {
			isa = XCBuildConfiguration;
			buildSettings = {
				ALWAYS_EMBED_SWIFT_STANDARD_LIBRARIES = YES;
				BUNDLE_LOADER = "$(TEST_HOST)";
				CODE_SIGN_STYLE = Automatic;
				CURRENT_PROJECT_VERSION = 1;
				DEVELOPMENT_TEAM = UK87X7N6A9;
				GENERATE_INFOPLIST_FILE = YES;
				IPHONEOS_DEPLOYMENT_TARGET = 17.5;
				MARKETING_VERSION = 1.0;
				PRODUCT_BUNDLE_IDENTIFIER = com.github.jheisecke.MoviesAppTests;
				PRODUCT_NAME = "$(TARGET_NAME)";
				SWIFT_EMIT_LOC_STRINGS = NO;
				SWIFT_VERSION = 5.0;
				TARGETED_DEVICE_FAMILY = "1,2";
				TEST_HOST = "$(BUILT_PRODUCTS_DIR)/MoviesApp.app/$(BUNDLE_EXECUTABLE_FOLDER_PATH)/MoviesApp";
			};
			name = Release;
		};
		00D88DFC2C6E3C7000B3FAF0 /* Debug */ = {
			isa = XCBuildConfiguration;
			buildSettings = {
				ALWAYS_EMBED_SWIFT_STANDARD_LIBRARIES = YES;
				CODE_SIGN_STYLE = Automatic;
				CURRENT_PROJECT_VERSION = 1;
				DEVELOPMENT_TEAM = UK87X7N6A9;
				GENERATE_INFOPLIST_FILE = YES;
				MARKETING_VERSION = 1.0;
				PRODUCT_BUNDLE_IDENTIFIER = com.github.jheisecke.MoviesAppUITests;
				PRODUCT_NAME = "$(TARGET_NAME)";
				SWIFT_EMIT_LOC_STRINGS = NO;
				SWIFT_VERSION = 5.0;
				TARGETED_DEVICE_FAMILY = "1,2";
				TEST_TARGET_NAME = MoviesApp;
			};
			name = Debug;
		};
		00D88DFD2C6E3C7000B3FAF0 /* Release */ = {
			isa = XCBuildConfiguration;
			buildSettings = {
				ALWAYS_EMBED_SWIFT_STANDARD_LIBRARIES = YES;
				CODE_SIGN_STYLE = Automatic;
				CURRENT_PROJECT_VERSION = 1;
				DEVELOPMENT_TEAM = UK87X7N6A9;
				GENERATE_INFOPLIST_FILE = YES;
				MARKETING_VERSION = 1.0;
				PRODUCT_BUNDLE_IDENTIFIER = com.github.jheisecke.MoviesAppUITests;
				PRODUCT_NAME = "$(TARGET_NAME)";
				SWIFT_EMIT_LOC_STRINGS = NO;
				SWIFT_VERSION = 5.0;
				TARGETED_DEVICE_FAMILY = "1,2";
				TEST_TARGET_NAME = MoviesApp;
			};
			name = Release;
		};
/* End XCBuildConfiguration section */

/* Begin XCConfigurationList section */
		00D88DCC2C6E3C6E00B3FAF0 /* Build configuration list for PBXProject "MoviesApp" */ = {
			isa = XCConfigurationList;
			buildConfigurations = (
				00D88DF32C6E3C7000B3FAF0 /* Debug */,
				00D88DF42C6E3C7000B3FAF0 /* Release */,
			);
			defaultConfigurationIsVisible = 0;
			defaultConfigurationName = Release;
		};
		00D88DF52C6E3C7000B3FAF0 /* Build configuration list for PBXNativeTarget "MoviesApp" */ = {
			isa = XCConfigurationList;
			buildConfigurations = (
				00D88DF62C6E3C7000B3FAF0 /* Debug */,
				00D88DF72C6E3C7000B3FAF0 /* Release */,
			);
			defaultConfigurationIsVisible = 0;
			defaultConfigurationName = Release;
		};
		00D88DF82C6E3C7000B3FAF0 /* Build configuration list for PBXNativeTarget "MoviesAppTests" */ = {
			isa = XCConfigurationList;
			buildConfigurations = (
				00D88DF92C6E3C7000B3FAF0 /* Debug */,
				00D88DFA2C6E3C7000B3FAF0 /* Release */,
			);
			defaultConfigurationIsVisible = 0;
			defaultConfigurationName = Release;
		};
		00D88DFB2C6E3C7000B3FAF0 /* Build configuration list for PBXNativeTarget "MoviesAppUITests" */ = {
			isa = XCConfigurationList;
			buildConfigurations = (
				00D88DFC2C6E3C7000B3FAF0 /* Debug */,
				00D88DFD2C6E3C7000B3FAF0 /* Release */,
			);
			defaultConfigurationIsVisible = 0;
			defaultConfigurationName = Release;
		};
/* End XCConfigurationList section */

/* Begin XCRemoteSwiftPackageReference section */
		006A511B2C6FDAC100EB53C8 /* XCRemoteSwiftPackageReference "Kingfisher" */ = {
			isa = XCRemoteSwiftPackageReference;
			repositoryURL = "https://github.com/onevcat/Kingfisher";
			requirement = {
				kind = upToNextMajorVersion;
				minimumVersion = 7.12.0;
			};
		};
		006A51212C6FF60600EB53C8 /* XCRemoteSwiftPackageReference "firebase-ios-sdk" */ = {
			isa = XCRemoteSwiftPackageReference;
			repositoryURL = "https://github.com/firebase/firebase-ios-sdk.git";
			requirement = {
				kind = upToNextMajorVersion;
				minimumVersion = 11.0.0;
			};
		};
/* End XCRemoteSwiftPackageReference section */

/* Begin XCSwiftPackageProductDependency section */
		006A511C2C6FDAC100EB53C8 /* Kingfisher */ = {
			isa = XCSwiftPackageProductDependency;
			package = 006A511B2C6FDAC100EB53C8 /* XCRemoteSwiftPackageReference "Kingfisher" */;
			productName = Kingfisher;
		};
		006A51222C6FF60600EB53C8 /* FirebaseAppDistribution-Beta */ = {
			isa = XCSwiftPackageProductDependency;
			package = 006A51212C6FF60600EB53C8 /* XCRemoteSwiftPackageReference "firebase-ios-sdk" */;
			productName = "FirebaseAppDistribution-Beta";
		};
/* End XCSwiftPackageProductDependency section */
	};
	rootObject = 00D88DC92C6E3C6E00B3FAF0 /* Project object */;
}
